// !$*UTF8*$!
{
	archiveVersion = 1;
	classes = {
	};
	objectVersion = 77;
	objects = {

/* Begin PBXBuildFile section */
		874495A92D98558A00CCD26D /* FirebaseAnalytics in Frameworks */ = {isa = PBXBuildFile; productRef = 874495A82D98558A00CCD26D /* FirebaseAnalytics */; };
		874495AB2D98558A00CCD26D /* FirebaseAnalyticsOnDeviceConversion in Frameworks */ = {isa = PBXBuildFile; productRef = 874495AA2D98558A00CCD26D /* FirebaseAnalyticsOnDeviceConversion */; };
		874495AD2D98558A00CCD26D /* FirebaseAnalyticsWithoutAdIdSupport in Frameworks */ = {isa = PBXBuildFile; productRef = 874495AC2D98558A00CCD26D /* FirebaseAnalyticsWithoutAdIdSupport */; };
		874495AF2D98558A00CCD26D /* FirebaseAppCheck in Frameworks */ = {isa = PBXBuildFile; productRef = 874495AE2D98558A00CCD26D /* FirebaseAppCheck */; };
		874495B12D98558A00CCD26D /* FirebaseAppDistribution-Beta in Frameworks */ = {isa = PBXBuildFile; productRef = 874495B02D98558A00CCD26D /* FirebaseAppDistribution-Beta */; };
		874495B32D98558A00CCD26D /* FirebaseAuth in Frameworks */ = {isa = PBXBuildFile; productRef = 874495B22D98558A00CCD26D /* FirebaseAuth */; };
		874495B52D98558A00CCD26D /* FirebaseAuthCombine-Community in Frameworks */ = {isa = PBXBuildFile; productRef = 874495B42D98558A00CCD26D /* FirebaseAuthCombine-Community */; };
		874495B72D98558A00CCD26D /* FirebaseCore in Frameworks */ = {isa = PBXBuildFile; productRef = 874495B62D98558A00CCD26D /* FirebaseCore */; };
		874495B92D98558A00CCD26D /* FirebaseCrashlytics in Frameworks */ = {isa = PBXBuildFile; productRef = 874495B82D98558A00CCD26D /* FirebaseCrashlytics */; };
		874495BB2D98558A00CCD26D /* FirebaseDatabase in Frameworks */ = {isa = PBXBuildFile; productRef = 874495BA2D98558A00CCD26D /* FirebaseDatabase */; };
		874495BD2D98558A00CCD26D /* FirebaseDynamicLinks in Frameworks */ = {isa = PBXBuildFile; productRef = 874495BC2D98558A00CCD26D /* FirebaseDynamicLinks */; };
		874495BF2D98558A00CCD26D /* FirebaseFirestore in Frameworks */ = {isa = PBXBuildFile; productRef = 874495BE2D98558A00CCD26D /* FirebaseFirestore */; };
		874495C12D98558A00CCD26D /* FirebaseFirestoreCombine-Community in Frameworks */ = {isa = PBXBuildFile; productRef = 874495C02D98558A00CCD26D /* FirebaseFirestoreCombine-Community */; };
		874495C32D98558A00CCD26D /* FirebaseFunctions in Frameworks */ = {isa = PBXBuildFile; productRef = 874495C22D98558A00CCD26D /* FirebaseFunctions */; };
		874495C52D98558A00CCD26D /* FirebaseFunctionsCombine-Community in Frameworks */ = {isa = PBXBuildFile; productRef = 874495C42D98558A00CCD26D /* FirebaseFunctionsCombine-Community */; };
		874495C72D98558A00CCD26D /* FirebaseInAppMessaging-Beta in Frameworks */ = {isa = PBXBuildFile; productRef = 874495C62D98558A00CCD26D /* FirebaseInAppMessaging-Beta */; };
		874495C92D98558A00CCD26D /* FirebaseInstallations in Frameworks */ = {isa = PBXBuildFile; productRef = 874495C82D98558A00CCD26D /* FirebaseInstallations */; };
		874495CB2D98558A00CCD26D /* FirebaseMLModelDownloader in Frameworks */ = {isa = PBXBuildFile; productRef = 874495CA2D98558A00CCD26D /* FirebaseMLModelDownloader */; };
		874495CD2D98558A00CCD26D /* FirebaseMessaging in Frameworks */ = {isa = PBXBuildFile; productRef = 874495CC2D98558A00CCD26D /* FirebaseMessaging */; };
		874495CF2D98558A00CCD26D /* FirebasePerformance in Frameworks */ = {isa = PBXBuildFile; productRef = 874495CE2D98558A00CCD26D /* FirebasePerformance */; };
		874495D12D98558A00CCD26D /* FirebaseRemoteConfig in Frameworks */ = {isa = PBXBuildFile; productRef = 874495D02D98558A00CCD26D /* FirebaseRemoteConfig */; };
		874495D32D98558A00CCD26D /* FirebaseStorage in Frameworks */ = {isa = PBXBuildFile; productRef = 874495D22D98558A00CCD26D /* FirebaseStorage */; };
		874495D52D98558A00CCD26D /* FirebaseStorageCombine-Community in Frameworks */ = {isa = PBXBuildFile; productRef = 874495D42D98558A00CCD26D /* FirebaseStorageCombine-Community */; };
		874495D72D98558A00CCD26D /* FirebaseVertexAI in Frameworks */ = {isa = PBXBuildFile; productRef = 874495D62D98558A00CCD26D /* FirebaseVertexAI */; };
		879C68322D99266B00A06CC4 /* SDWebImage in Frameworks */ = {isa = PBXBuildFile; productRef = 879C68312D99266B00A06CC4 /* SDWebImage */; };
		879C68342D99266B00A06CC4 /* SDWebImageMapKit in Frameworks */ = {isa = PBXBuildFile; productRef = 879C68332D99266B00A06CC4 /* SDWebImageMapKit */; };
		87FB13962D9AA25A00F3254B /* Reachability in Frameworks */ = {isa = PBXBuildFile; productRef = 87FB13952D9AA25A00F3254B /* Reachability */; };
/* End PBXBuildFile section */

/* Begin PBXContainerItemProxy section */
		877201112D96B04500469421 /* PBXContainerItemProxy */ = {
			isa = PBXContainerItemProxy;
			containerPortal = 877200F22D96B04300469421 /* Project object */;
			proxyType = 1;
			remoteGlobalIDString = 877200F92D96B04300469421;
			remoteInfo = InstagramKlon;
		};
		8772011B2D96B04500469421 /* PBXContainerItemProxy */ = {
			isa = PBXContainerItemProxy;
			containerPortal = 877200F22D96B04300469421 /* Project object */;
			proxyType = 1;
			remoteGlobalIDString = 877200F92D96B04300469421;
			remoteInfo = InstagramKlon;
		};
/* End PBXContainerItemProxy section */

/* Begin PBXFileReference section */
		877200FA2D96B04300469421 /* InstagramKlon.app */ = {isa = PBXFileReference; explicitFileType = wrapper.application; includeInIndex = 0; path = InstagramKlon.app; sourceTree = BUILT_PRODUCTS_DIR; };
		877201102D96B04500469421 /* InstagramKlonTests.xctest */ = {isa = PBXFileReference; explicitFileType = wrapper.cfbundle; includeInIndex = 0; path = InstagramKlonTests.xctest; sourceTree = BUILT_PRODUCTS_DIR; };
		8772011A2D96B04500469421 /* InstagramKlonUITests.xctest */ = {isa = PBXFileReference; explicitFileType = wrapper.cfbundle; includeInIndex = 0; path = InstagramKlonUITests.xctest; sourceTree = BUILT_PRODUCTS_DIR; };
/* End PBXFileReference section */

/* Begin PBXFileSystemSynchronizedBuildFileExceptionSet section */
		877201222D96B04500469421 /* Exceptions for "InstagramKlon" folder in "InstagramKlon" target */ = {
			isa = PBXFileSystemSynchronizedBuildFileExceptionSet;
			membershipExceptions = (
				Info.plist,
			);
			target = 877200F92D96B04300469421 /* InstagramKlon */;
		};
/* End PBXFileSystemSynchronizedBuildFileExceptionSet section */

/* Begin PBXFileSystemSynchronizedRootGroup section */
		877200FC2D96B04300469421 /* InstagramKlon */ = {
			isa = PBXFileSystemSynchronizedRootGroup;
			exceptions = (
				877201222D96B04500469421 /* Exceptions for "InstagramKlon" folder in "InstagramKlon" target */,
			);
			path = InstagramKlon;
			sourceTree = "<group>";
		};
		877201132D96B04500469421 /* InstagramKlonTests */ = {
			isa = PBXFileSystemSynchronizedRootGroup;
			path = InstagramKlonTests;
			sourceTree = "<group>";
		};
		8772011D2D96B04500469421 /* InstagramKlonUITests */ = {
			isa = PBXFileSystemSynchronizedRootGroup;
			path = InstagramKlonUITests;
			sourceTree = "<group>";
		};
/* End PBXFileSystemSynchronizedRootGroup section */

/* Begin PBXFrameworksBuildPhase section */
		877200F72D96B04300469421 /* Frameworks */ = {
			isa = PBXFrameworksBuildPhase;
			buildActionMask = 2147483647;
			files = (
				874495C12D98558A00CCD26D /* FirebaseFirestoreCombine-Community in Frameworks */,
				874495D72D98558A00CCD26D /* FirebaseVertexAI in Frameworks */,
				879C68342D99266B00A06CC4 /* SDWebImageMapKit in Frameworks */,
				874495C32D98558A00CCD26D /* FirebaseFunctions in Frameworks */,
				87FB13962D9AA25A00F3254B /* Reachability in Frameworks */,
				874495CF2D98558A00CCD26D /* FirebasePerformance in Frameworks */,
				874495D52D98558A00CCD26D /* FirebaseStorageCombine-Community in Frameworks */,
				874495D12D98558A00CCD26D /* FirebaseRemoteConfig in Frameworks */,
				874495BB2D98558A00CCD26D /* FirebaseDatabase in Frameworks */,
				874495BD2D98558A00CCD26D /* FirebaseDynamicLinks in Frameworks */,
				874495AF2D98558A00CCD26D /* FirebaseAppCheck in Frameworks */,
				874495B32D98558A00CCD26D /* FirebaseAuth in Frameworks */,
				874495A92D98558A00CCD26D /* FirebaseAnalytics in Frameworks */,
				874495BF2D98558A00CCD26D /* FirebaseFirestore in Frameworks */,
				874495CD2D98558A00CCD26D /* FirebaseMessaging in Frameworks */,
				874495C92D98558A00CCD26D /* FirebaseInstallations in Frameworks */,
				874495C52D98558A00CCD26D /* FirebaseFunctionsCombine-Community in Frameworks */,
				874495B12D98558A00CCD26D /* FirebaseAppDistribution-Beta in Frameworks */,
				874495AD2D98558A00CCD26D /* FirebaseAnalyticsWithoutAdIdSupport in Frameworks */,
				874495C72D98558A00CCD26D /* FirebaseInAppMessaging-Beta in Frameworks */,
				874495B52D98558A00CCD26D /* FirebaseAuthCombine-Community in Frameworks */,
				874495B92D98558A00CCD26D /* FirebaseCrashlytics in Frameworks */,
				874495CB2D98558A00CCD26D /* FirebaseMLModelDownloader in Frameworks */,
				874495D32D98558A00CCD26D /* FirebaseStorage in Frameworks */,
				874495B72D98558A00CCD26D /* FirebaseCore in Frameworks */,
				874495AB2D98558A00CCD26D /* FirebaseAnalyticsOnDeviceConversion in Frameworks */,
				879C68322D99266B00A06CC4 /* SDWebImage in Frameworks */,
			);
			runOnlyForDeploymentPostprocessing = 0;
		};
		8772010D2D96B04500469421 /* Frameworks */ = {
			isa = PBXFrameworksBuildPhase;
			buildActionMask = 2147483647;
			files = (
			);
			runOnlyForDeploymentPostprocessing = 0;
		};
		877201172D96B04500469421 /* Frameworks */ = {
			isa = PBXFrameworksBuildPhase;
			buildActionMask = 2147483647;
			files = (
			);
			runOnlyForDeploymentPostprocessing = 0;
		};
/* End PBXFrameworksBuildPhase section */

/* Begin PBXGroup section */
		874495D82D9855E400CCD26D /* Frameworks */ = {
			isa = PBXGroup;
			children = (
			);
			name = Frameworks;
			sourceTree = "<group>";
		};
		877200F12D96B04300469421 = {
			isa = PBXGroup;
			children = (
				877200FC2D96B04300469421 /* InstagramKlon */,
				877201132D96B04500469421 /* InstagramKlonTests */,
				8772011D2D96B04500469421 /* InstagramKlonUITests */,
				874495D82D9855E400CCD26D /* Frameworks */,
				877200FB2D96B04300469421 /* Products */,
			);
			sourceTree = "<group>";
		};
		877200FB2D96B04300469421 /* Products */ = {
			isa = PBXGroup;
			children = (
				877200FA2D96B04300469421 /* InstagramKlon.app */,
				877201102D96B04500469421 /* InstagramKlonTests.xctest */,
				8772011A2D96B04500469421 /* InstagramKlonUITests.xctest */,
			);
			name = Products;
			sourceTree = "<group>";
		};
/* End PBXGroup section */

/* Begin PBXNativeTarget section */
		877200F92D96B04300469421 /* InstagramKlon */ = {
			isa = PBXNativeTarget;
			buildConfigurationList = 877201232D96B04500469421 /* Build configuration list for PBXNativeTarget "InstagramKlon" */;
			buildPhases = (
				877200F62D96B04300469421 /* Sources */,
				877200F72D96B04300469421 /* Frameworks */,
				877200F82D96B04300469421 /* Resources */,
			);
			buildRules = (
			);
			dependencies = (
			);
			fileSystemSynchronizedGroups = (
				877200FC2D96B04300469421 /* InstagramKlon */,
			);
			name = InstagramKlon;
			packageProductDependencies = (
				874495A82D98558A00CCD26D /* FirebaseAnalytics */,
				874495AA2D98558A00CCD26D /* FirebaseAnalyticsOnDeviceConversion */,
				874495AC2D98558A00CCD26D /* FirebaseAnalyticsWithoutAdIdSupport */,
				874495AE2D98558A00CCD26D /* FirebaseAppCheck */,
				874495B02D98558A00CCD26D /* FirebaseAppDistribution-Beta */,
				874495B22D98558A00CCD26D /* FirebaseAuth */,
				874495B42D98558A00CCD26D /* FirebaseAuthCombine-Community */,
				874495B62D98558A00CCD26D /* FirebaseCore */,
				874495B82D98558A00CCD26D /* FirebaseCrashlytics */,
				874495BA2D98558A00CCD26D /* FirebaseDatabase */,
				874495BC2D98558A00CCD26D /* FirebaseDynamicLinks */,
				874495BE2D98558A00CCD26D /* FirebaseFirestore */,
				874495C02D98558A00CCD26D /* FirebaseFirestoreCombine-Community */,
				874495C22D98558A00CCD26D /* FirebaseFunctions */,
				874495C42D98558A00CCD26D /* FirebaseFunctionsCombine-Community */,
				874495C62D98558A00CCD26D /* FirebaseInAppMessaging-Beta */,
				874495C82D98558A00CCD26D /* FirebaseInstallations */,
				874495CA2D98558A00CCD26D /* FirebaseMLModelDownloader */,
				874495CC2D98558A00CCD26D /* FirebaseMessaging */,
				874495CE2D98558A00CCD26D /* FirebasePerformance */,
				874495D02D98558A00CCD26D /* FirebaseRemoteConfig */,
				874495D22D98558A00CCD26D /* FirebaseStorage */,
				874495D42D98558A00CCD26D /* FirebaseStorageCombine-Community */,
				874495D62D98558A00CCD26D /* FirebaseVertexAI */,
				879C68312D99266B00A06CC4 /* SDWebImage */,
				879C68332D99266B00A06CC4 /* SDWebImageMapKit */,
				87FB13952D9AA25A00F3254B /* Reachability */,
			);
			productName = InstagramKlon;
			productReference = 877200FA2D96B04300469421 /* InstagramKlon.app */;
			productType = "com.apple.product-type.application";
		};
		8772010F2D96B04500469421 /* InstagramKlonTests */ = {
			isa = PBXNativeTarget;
			buildConfigurationList = 877201282D96B04500469421 /* Build configuration list for PBXNativeTarget "InstagramKlonTests" */;
			buildPhases = (
				8772010C2D96B04500469421 /* Sources */,
				8772010D2D96B04500469421 /* Frameworks */,
				8772010E2D96B04500469421 /* Resources */,
			);
			buildRules = (
			);
			dependencies = (
				877201122D96B04500469421 /* PBXTargetDependency */,
			);
			fileSystemSynchronizedGroups = (
				877201132D96B04500469421 /* InstagramKlonTests */,
			);
			name = InstagramKlonTests;
			packageProductDependencies = (
			);
			productName = InstagramKlonTests;
			productReference = 877201102D96B04500469421 /* InstagramKlonTests.xctest */;
			productType = "com.apple.product-type.bundle.unit-test";
		};
		877201192D96B04500469421 /* InstagramKlonUITests */ = {
			isa = PBXNativeTarget;
			buildConfigurationList = 8772012B2D96B04500469421 /* Build configuration list for PBXNativeTarget "InstagramKlonUITests" */;
			buildPhases = (
				877201162D96B04500469421 /* Sources */,
				877201172D96B04500469421 /* Frameworks */,
				877201182D96B04500469421 /* Resources */,
			);
			buildRules = (
			);
			dependencies = (
				8772011C2D96B04500469421 /* PBXTargetDependency */,
			);
			fileSystemSynchronizedGroups = (
				8772011D2D96B04500469421 /* InstagramKlonUITests */,
			);
			name = InstagramKlonUITests;
			packageProductDependencies = (
			);
			productName = InstagramKlonUITests;
			productReference = 8772011A2D96B04500469421 /* InstagramKlonUITests.xctest */;
			productType = "com.apple.product-type.bundle.ui-testing";
		};
/* End PBXNativeTarget section */

/* Begin PBXProject section */
		877200F22D96B04300469421 /* Project object */ = {
			isa = PBXProject;
			attributes = {
				BuildIndependentTargetsInParallel = 1;
				LastSwiftUpdateCheck = 1620;
				LastUpgradeCheck = 1620;
				TargetAttributes = {
					877200F92D96B04300469421 = {
						CreatedOnToolsVersion = 16.2;
					};
					8772010F2D96B04500469421 = {
						CreatedOnToolsVersion = 16.2;
						TestTargetID = 877200F92D96B04300469421;
					};
					877201192D96B04500469421 = {
						CreatedOnToolsVersion = 16.2;
						TestTargetID = 877200F92D96B04300469421;
					};
				};
			};
			buildConfigurationList = 877200F52D96B04300469421 /* Build configuration list for PBXProject "InstagramKlon" */;
			developmentRegion = en;
			hasScannedForEncodings = 0;
			knownRegions = (
				en,
				Base,
			);
			mainGroup = 877200F12D96B04300469421;
			minimizedProjectReferenceProxies = 1;
			packageReferences = (
				874495A72D98558A00CCD26D /* XCRemoteSwiftPackageReference "firebase-ios-sdk" */,
				879C68302D99266B00A06CC4 /* XCRemoteSwiftPackageReference "SDWebImage" */,
				87FB13942D9AA25A00F3254B /* XCRemoteSwiftPackageReference "Reachability" */,
			);
			preferredProjectObjectVersion = 77;
			productRefGroup = 877200FB2D96B04300469421 /* Products */;
			projectDirPath = "";
			projectRoot = "";
			targets = (
				877200F92D96B04300469421 /* InstagramKlon */,
				8772010F2D96B04500469421 /* InstagramKlonTests */,
				877201192D96B04500469421 /* InstagramKlonUITests */,
			);
		};
/* End PBXProject section */

/* Begin PBXResourcesBuildPhase section */
		877200F82D96B04300469421 /* Resources */ = {
			isa = PBXResourcesBuildPhase;
			buildActionMask = 2147483647;
			files = (
			);
			runOnlyForDeploymentPostprocessing = 0;
		};
		8772010E2D96B04500469421 /* Resources */ = {
			isa = PBXResourcesBuildPhase;
			buildActionMask = 2147483647;
			files = (
			);
			runOnlyForDeploymentPostprocessing = 0;
		};
		877201182D96B04500469421 /* Resources */ = {
			isa = PBXResourcesBuildPhase;
			buildActionMask = 2147483647;
			files = (
			);
			runOnlyForDeploymentPostprocessing = 0;
		};
/* End PBXResourcesBuildPhase section */

/* Begin PBXSourcesBuildPhase section */
		877200F62D96B04300469421 /* Sources */ = {
			isa = PBXSourcesBuildPhase;
			buildActionMask = 2147483647;
			files = (
			);
			runOnlyForDeploymentPostprocessing = 0;
		};
		8772010C2D96B04500469421 /* Sources */ = {
			isa = PBXSourcesBuildPhase;
			buildActionMask = 2147483647;
			files = (
			);
			runOnlyForDeploymentPostprocessing = 0;
		};
		877201162D96B04500469421 /* Sources */ = {
			isa = PBXSourcesBuildPhase;
			buildActionMask = 2147483647;
			files = (
			);
			runOnlyForDeploymentPostprocessing = 0;
		};
/* End PBXSourcesBuildPhase section */

/* Begin PBXTargetDependency section */
		877201122D96B04500469421 /* PBXTargetDependency */ = {
			isa = PBXTargetDependency;
			target = 877200F92D96B04300469421 /* InstagramKlon */;
			targetProxy = 877201112D96B04500469421 /* PBXContainerItemProxy */;
		};
		8772011C2D96B04500469421 /* PBXTargetDependency */ = {
			isa = PBXTargetDependency;
			target = 877200F92D96B04300469421 /* InstagramKlon */;
			targetProxy = 8772011B2D96B04500469421 /* PBXContainerItemProxy */;
		};
/* End PBXTargetDependency section */

/* Begin XCBuildConfiguration section */
		877201242D96B04500469421 /* Debug */ = {
			isa = XCBuildConfiguration;
			buildSettings = {
				ASSETCATALOG_COMPILER_APPICON_NAME = AppIcon;
				ASSETCATALOG_COMPILER_GLOBAL_ACCENT_COLOR_NAME = AccentColor;
				CODE_SIGN_STYLE = Automatic;
				CURRENT_PROJECT_VERSION = 1;
				DEVELOPMENT_TEAM = G58T7GK7N3;
				GENERATE_INFOPLIST_FILE = YES;
				INFOPLIST_FILE = InstagramKlon/Info.plist;
				INFOPLIST_KEY_UIApplicationSupportsIndirectInputEvents = YES;
				INFOPLIST_KEY_UILaunchStoryboardName = LaunchScreen;
				INFOPLIST_KEY_UIMainStoryboardFile = Main;
				INFOPLIST_KEY_UISupportedInterfaceOrientations_iPad = "UIInterfaceOrientationPortrait UIInterfaceOrientationPortraitUpsideDown UIInterfaceOrientationLandscapeLeft UIInterfaceOrientationLandscapeRight";
				INFOPLIST_KEY_UISupportedInterfaceOrientations_iPhone = "UIInterfaceOrientationPortrait UIInterfaceOrientationLandscapeLeft UIInterfaceOrientationLandscapeRight";
				LD_RUNPATH_SEARCH_PATHS = (
					"$(inherited)",
					"@executable_path/Frameworks",
				);
				MARKETING_VERSION = 1.0;
				PRODUCT_BUNDLE_IDENTIFIER = birbir.InstagramKlon;
				PRODUCT_NAME = "$(TARGET_NAME)";
				SWIFT_EMIT_LOC_STRINGS = YES;
				SWIFT_VERSION = 5.0;
				TARGETED_DEVICE_FAMILY = "1,2";
			};
			name = Debug;
		};
		877201252D96B04500469421 /* Release */ = {
			isa = XCBuildConfiguration;
			buildSettings = {
				ASSETCATALOG_COMPILER_APPICON_NAME = AppIcon;
				ASSETCATALOG_COMPILER_GLOBAL_ACCENT_COLOR_NAME = AccentColor;
				CODE_SIGN_STYLE = Automatic;
				CURRENT_PROJECT_VERSION = 1;
				DEVELOPMENT_TEAM = G58T7GK7N3;
				GENERATE_INFOPLIST_FILE = YES;
				INFOPLIST_FILE = InstagramKlon/Info.plist;
				INFOPLIST_KEY_UIApplicationSupportsIndirectInputEvents = YES;
				INFOPLIST_KEY_UILaunchStoryboardName = LaunchScreen;
				INFOPLIST_KEY_UIMainStoryboardFile = Main;
				INFOPLIST_KEY_UISupportedInterfaceOrientations_iPad = "UIInterfaceOrientationPortrait UIInterfaceOrientationPortraitUpsideDown UIInterfaceOrientationLandscapeLeft UIInterfaceOrientationLandscapeRight";
				INFOPLIST_KEY_UISupportedInterfaceOrientations_iPhone = "UIInterfaceOrientationPortrait UIInterfaceOrientationLandscapeLeft UIInterfaceOrientationLandscapeRight";
				LD_RUNPATH_SEARCH_PATHS = (
					"$(inherited)",
					"@executable_path/Frameworks",
				);
				MARKETING_VERSION = 1.0;
				PRODUCT_BUNDLE_IDENTIFIER = birbir.InstagramKlon;
				PRODUCT_NAME = "$(TARGET_NAME)";
				SWIFT_EMIT_LOC_STRINGS = YES;
				SWIFT_VERSION = 5.0;
				TARGETED_DEVICE_FAMILY = "1,2";
			};
			name = Release;
		};
		877201262D96B04500469421 /* Debug */ = {
			isa = XCBuildConfiguration;
			buildSettings = {
				ALWAYS_SEARCH_USER_PATHS = NO;
				ASSETCATALOG_COMPILER_GENERATE_SWIFT_ASSET_SYMBOL_EXTENSIONS = YES;
				CLANG_ANALYZER_NONNULL = YES;
				CLANG_ANALYZER_NUMBER_OBJECT_CONVERSION = YES_AGGRESSIVE;
				CLANG_CXX_LANGUAGE_STANDARD = "gnu++20";
				CLANG_ENABLE_MODULES = YES;
				CLANG_ENABLE_OBJC_ARC = YES;
				CLANG_ENABLE_OBJC_WEAK = YES;
				CLANG_WARN_BLOCK_CAPTURE_AUTORELEASING = YES;
				CLANG_WARN_BOOL_CONVERSION = YES;
				CLANG_WARN_COMMA = YES;
				CLANG_WARN_CONSTANT_CONVERSION = YES;
				CLANG_WARN_DEPRECATED_OBJC_IMPLEMENTATIONS = YES;
				CLANG_WARN_DIRECT_OBJC_ISA_USAGE = YES_ERROR;
				CLANG_WARN_DOCUMENTATION_COMMENTS = YES;
				CLANG_WARN_EMPTY_BODY = YES;
				CLANG_WARN_ENUM_CONVERSION = YES;
				CLANG_WARN_INFINITE_RECURSION = YES;
				CLANG_WARN_INT_CONVERSION = YES;
				CLANG_WARN_NON_LITERAL_NULL_CONVERSION = YES;
				CLANG_WARN_OBJC_IMPLICIT_RETAIN_SELF = YES;
				CLANG_WARN_OBJC_LITERAL_CONVERSION = YES;
				CLANG_WARN_OBJC_ROOT_CLASS = YES_ERROR;
				CLANG_WARN_QUOTED_INCLUDE_IN_FRAMEWORK_HEADER = YES;
				CLANG_WARN_RANGE_LOOP_ANALYSIS = YES;
				CLANG_WARN_STRICT_PROTOTYPES = YES;
				CLANG_WARN_SUSPICIOUS_MOVE = YES;
				CLANG_WARN_UNGUARDED_AVAILABILITY = YES_AGGRESSIVE;
				CLANG_WARN_UNREACHABLE_CODE = YES;
				CLANG_WARN__DUPLICATE_METHOD_MATCH = YES;
				COPY_PHASE_STRIP = NO;
				DEBUG_INFORMATION_FORMAT = dwarf;
				ENABLE_STRICT_OBJC_MSGSEND = YES;
				ENABLE_TESTABILITY = YES;
				ENABLE_USER_SCRIPT_SANDBOXING = YES;
				GCC_C_LANGUAGE_STANDARD = gnu17;
				GCC_DYNAMIC_NO_PIC = NO;
				GCC_NO_COMMON_BLOCKS = YES;
				GCC_OPTIMIZATION_LEVEL = 0;
				GCC_PREPROCESSOR_DEFINITIONS = (
					"DEBUG=1",
					"$(inherited)",
				);
				GCC_WARN_64_TO_32_BIT_CONVERSION = YES;
				GCC_WARN_ABOUT_RETURN_TYPE = YES_ERROR;
				GCC_WARN_UNDECLARED_SELECTOR = YES;
				GCC_WARN_UNINITIALIZED_AUTOS = YES_AGGRESSIVE;
				GCC_WARN_UNUSED_FUNCTION = YES;
				GCC_WARN_UNUSED_VARIABLE = YES;
				IPHONEOS_DEPLOYMENT_TARGET = 18.2;
				LOCALIZATION_PREFERS_STRING_CATALOGS = YES;
				MTL_ENABLE_DEBUG_INFO = INCLUDE_SOURCE;
				MTL_FAST_MATH = YES;
				ONLY_ACTIVE_ARCH = YES;
				SDKROOT = iphoneos;
				SWIFT_ACTIVE_COMPILATION_CONDITIONS = "DEBUG $(inherited)";
				SWIFT_OPTIMIZATION_LEVEL = "-Onone";
			};
			name = Debug;
		};
		877201272D96B04500469421 /* Release */ = {
			isa = XCBuildConfiguration;
			buildSettings = {
				ALWAYS_SEARCH_USER_PATHS = NO;
				ASSETCATALOG_COMPILER_GENERATE_SWIFT_ASSET_SYMBOL_EXTENSIONS = YES;
				CLANG_ANALYZER_NONNULL = YES;
				CLANG_ANALYZER_NUMBER_OBJECT_CONVERSION = YES_AGGRESSIVE;
				CLANG_CXX_LANGUAGE_STANDARD = "gnu++20";
				CLANG_ENABLE_MODULES = YES;
				CLANG_ENABLE_OBJC_ARC = YES;
				CLANG_ENABLE_OBJC_WEAK = YES;
				CLANG_WARN_BLOCK_CAPTURE_AUTORELEASING = YES;
				CLANG_WARN_BOOL_CONVERSION = YES;
				CLANG_WARN_COMMA = YES;
				CLANG_WARN_CONSTANT_CONVERSION = YES;
				CLANG_WARN_DEPRECATED_OBJC_IMPLEMENTATIONS = YES;
				CLANG_WARN_DIRECT_OBJC_ISA_USAGE = YES_ERROR;
				CLANG_WARN_DOCUMENTATION_COMMENTS = YES;
				CLANG_WARN_EMPTY_BODY = YES;
				CLANG_WARN_ENUM_CONVERSION = YES;
				CLANG_WARN_INFINITE_RECURSION = YES;
				CLANG_WARN_INT_CONVERSION = YES;
				CLANG_WARN_NON_LITERAL_NULL_CONVERSION = YES;
				CLANG_WARN_OBJC_IMPLICIT_RETAIN_SELF = YES;
				CLANG_WARN_OBJC_LITERAL_CONVERSION = YES;
				CLANG_WARN_OBJC_ROOT_CLASS = YES_ERROR;
				CLANG_WARN_QUOTED_INCLUDE_IN_FRAMEWORK_HEADER = YES;
				CLANG_WARN_RANGE_LOOP_ANALYSIS = YES;
				CLANG_WARN_STRICT_PROTOTYPES = YES;
				CLANG_WARN_SUSPICIOUS_MOVE = YES;
				CLANG_WARN_UNGUARDED_AVAILABILITY = YES_AGGRESSIVE;
				CLANG_WARN_UNREACHABLE_CODE = YES;
				CLANG_WARN__DUPLICATE_METHOD_MATCH = YES;
				COPY_PHASE_STRIP = NO;
				DEBUG_INFORMATION_FORMAT = "dwarf-with-dsym";
				ENABLE_NS_ASSERTIONS = NO;
				ENABLE_STRICT_OBJC_MSGSEND = YES;
				ENABLE_USER_SCRIPT_SANDBOXING = YES;
				GCC_C_LANGUAGE_STANDARD = gnu17;
				GCC_NO_COMMON_BLOCKS = YES;
				GCC_WARN_64_TO_32_BIT_CONVERSION = YES;
				GCC_WARN_ABOUT_RETURN_TYPE = YES_ERROR;
				GCC_WARN_UNDECLARED_SELECTOR = YES;
				GCC_WARN_UNINITIALIZED_AUTOS = YES_AGGRESSIVE;
				GCC_WARN_UNUSED_FUNCTION = YES;
				GCC_WARN_UNUSED_VARIABLE = YES;
				IPHONEOS_DEPLOYMENT_TARGET = 18.2;
				LOCALIZATION_PREFERS_STRING_CATALOGS = YES;
				MTL_ENABLE_DEBUG_INFO = NO;
				MTL_FAST_MATH = YES;
				SDKROOT = iphoneos;
				SWIFT_COMPILATION_MODE = wholemodule;
				VALIDATE_PRODUCT = YES;
			};
			name = Release;
		};
		877201292D96B04500469421 /* Debug */ = {
			isa = XCBuildConfiguration;
			buildSettings = {
				BUNDLE_LOADER = "$(TEST_HOST)";
				CODE_SIGN_STYLE = Automatic;
				CURRENT_PROJECT_VERSION = 1;
				DEVELOPMENT_TEAM = G58T7GK7N3;
				GENERATE_INFOPLIST_FILE = YES;
				IPHONEOS_DEPLOYMENT_TARGET = 18.2;
				MARKETING_VERSION = 1.0;
				PRODUCT_BUNDLE_IDENTIFIER = birbir.InstagramKlonTests;
				PRODUCT_NAME = "$(TARGET_NAME)";
				SWIFT_EMIT_LOC_STRINGS = NO;
				SWIFT_VERSION = 5.0;
				TARGETED_DEVICE_FAMILY = "1,2";
				TEST_HOST = "$(BUILT_PRODUCTS_DIR)/InstagramKlon.app/$(BUNDLE_EXECUTABLE_FOLDER_PATH)/InstagramKlon";
			};
			name = Debug;
		};
		8772012A2D96B04500469421 /* Release */ = {
			isa = XCBuildConfiguration;
			buildSettings = {
				BUNDLE_LOADER = "$(TEST_HOST)";
				CODE_SIGN_STYLE = Automatic;
				CURRENT_PROJECT_VERSION = 1;
				DEVELOPMENT_TEAM = G58T7GK7N3;
				GENERATE_INFOPLIST_FILE = YES;
				IPHONEOS_DEPLOYMENT_TARGET = 18.2;
				MARKETING_VERSION = 1.0;
				PRODUCT_BUNDLE_IDENTIFIER = birbir.InstagramKlonTests;
				PRODUCT_NAME = "$(TARGET_NAME)";
				SWIFT_EMIT_LOC_STRINGS = NO;
				SWIFT_VERSION = 5.0;
				TARGETED_DEVICE_FAMILY = "1,2";
				TEST_HOST = "$(BUILT_PRODUCTS_DIR)/InstagramKlon.app/$(BUNDLE_EXECUTABLE_FOLDER_PATH)/InstagramKlon";
			};
			name = Release;
		};
		8772012C2D96B04500469421 /* Debug */ = {
			isa = XCBuildConfiguration;
			buildSettings = {
				CODE_SIGN_STYLE = Automatic;
				CURRENT_PROJECT_VERSION = 1;
				DEVELOPMENT_TEAM = G58T7GK7N3;
				GENERATE_INFOPLIST_FILE = YES;
				MARKETING_VERSION = 1.0;
				PRODUCT_BUNDLE_IDENTIFIER = birbir.InstagramKlonUITests;
				PRODUCT_NAME = "$(TARGET_NAME)";
				SWIFT_EMIT_LOC_STRINGS = NO;
				SWIFT_VERSION = 5.0;
				TARGETED_DEVICE_FAMILY = "1,2";
				TEST_TARGET_NAME = InstagramKlon;
			};
			name = Debug;
		};
		8772012D2D96B04500469421 /* Release */ = {
			isa = XCBuildConfiguration;
			buildSettings = {
				CODE_SIGN_STYLE = Automatic;
				CURRENT_PROJECT_VERSION = 1;
				DEVELOPMENT_TEAM = G58T7GK7N3;
				GENERATE_INFOPLIST_FILE = YES;
				MARKETING_VERSION = 1.0;
				PRODUCT_BUNDLE_IDENTIFIER = birbir.InstagramKlonUITests;
				PRODUCT_NAME = "$(TARGET_NAME)";
				SWIFT_EMIT_LOC_STRINGS = NO;
				SWIFT_VERSION = 5.0;
				TARGETED_DEVICE_FAMILY = "1,2";
				TEST_TARGET_NAME = InstagramKlon;
			};
			name = Release;
		};
/* End XCBuildConfiguration section */

/* Begin XCConfigurationList section */
		877200F52D96B04300469421 /* Build configuration list for PBXProject "InstagramKlon" */ = {
			isa = XCConfigurationList;
			buildConfigurations = (
				877201262D96B04500469421 /* Debug */,
				877201272D96B04500469421 /* Release */,
			);
			defaultConfigurationIsVisible = 0;
			defaultConfigurationName = Release;
		};
		877201232D96B04500469421 /* Build configuration list for PBXNativeTarget "InstagramKlon" */ = {
			isa = XCConfigurationList;
			buildConfigurations = (
				877201242D96B04500469421 /* Debug */,
				877201252D96B04500469421 /* Release */,
			);
			defaultConfigurationIsVisible = 0;
			defaultConfigurationName = Release;
		};
		877201282D96B04500469421 /* Build configuration list for PBXNativeTarget "InstagramKlonTests" */ = {
			isa = XCConfigurationList;
			buildConfigurations = (
				877201292D96B04500469421 /* Debug */,
				8772012A2D96B04500469421 /* Release */,
			);
			defaultConfigurationIsVisible = 0;
			defaultConfigurationName = Release;
		};
		8772012B2D96B04500469421 /* Build configuration list for PBXNativeTarget "InstagramKlonUITests" */ = {
			isa = XCConfigurationList;
			buildConfigurations = (
				8772012C2D96B04500469421 /* Debug */,
				8772012D2D96B04500469421 /* Release */,
			);
			defaultConfigurationIsVisible = 0;
			defaultConfigurationName = Release;
		};
/* End XCConfigurationList section */

/* Begin XCRemoteSwiftPackageReference section */
		874495A72D98558A00CCD26D /* XCRemoteSwiftPackageReference "firebase-ios-sdk" */ = {
			isa = XCRemoteSwiftPackageReference;
			repositoryURL = "https://github.com/firebase/firebase-ios-sdk";
			requirement = {
				kind = upToNextMajorVersion;
				minimumVersion = 11.10.0;
			};
		};
		879C68302D99266B00A06CC4 /* XCRemoteSwiftPackageReference "SDWebImage" */ = {
			isa = XCRemoteSwiftPackageReference;
			repositoryURL = "https://github.com/SDWebImage/SDWebImage.git";
			requirement = {
				kind = upToNextMajorVersion;
				minimumVersion = 5.21.0;
			};
		};
		87FB13942D9AA25A00F3254B /* XCRemoteSwiftPackageReference "Reachability" */ = {
			isa = XCRemoteSwiftPackageReference;
			repositoryURL = "https://github.com/ashleymills/Reachability.swift";
			requirement = {
				branch = master;
				kind = branch;
			};
		};
/* End XCRemoteSwiftPackageReference section */

/* Begin XCSwiftPackageProductDependency section */
		874495A82D98558A00CCD26D /* FirebaseAnalytics */ = {
			isa = XCSwiftPackageProductDependency;
			package = 874495A72D98558A00CCD26D /* XCRemoteSwiftPackageReference "firebase-ios-sdk" */;
			productName = FirebaseAnalytics;
		};
		874495AA2D98558A00CCD26D /* FirebaseAnalyticsOnDeviceConversion */ = {
			isa = XCSwiftPackageProductDependency;
			package = 874495A72D98558A00CCD26D /* XCRemoteSwiftPackageReference "firebase-ios-sdk" */;
			productName = FirebaseAnalyticsOnDeviceConversion;
		};
		874495AC2D98558A00CCD26D /* FirebaseAnalyticsWithoutAdIdSupport */ = {
			isa = XCSwiftPackageProductDependency;
			package = 874495A72D98558A00CCD26D /* XCRemoteSwiftPackageReference "firebase-ios-sdk" */;
			productName = FirebaseAnalyticsWithoutAdIdSupport;
		};
		874495AE2D98558A00CCD26D /* FirebaseAppCheck */ = {
			isa = XCSwiftPackageProductDependency;
			package = 874495A72D98558A00CCD26D /* XCRemoteSwiftPackageReference "firebase-ios-sdk" */;
			productName = FirebaseAppCheck;
		};
		874495B02D98558A00CCD26D /* FirebaseAppDistribution-Beta */ = {
			isa = XCSwiftPackageProductDependency;
			package = 874495A72D98558A00CCD26D /* XCRemoteSwiftPackageReference "firebase-ios-sdk" */;
			productName = "FirebaseAppDistribution-Beta";
		};
		874495B22D98558A00CCD26D /* FirebaseAuth */ = {
			isa = XCSwiftPackageProductDependency;
			package = 874495A72D98558A00CCD26D /* XCRemoteSwiftPackageReference "firebase-ios-sdk" */;
			productName = FirebaseAuth;
		};
		874495B42D98558A00CCD26D /* FirebaseAuthCombine-Community */ = {
			isa = XCSwiftPackageProductDependency;
			package = 874495A72D98558A00CCD26D /* XCRemoteSwiftPackageReference "firebase-ios-sdk" */;
			productName = "FirebaseAuthCombine-Community";
		};
		874495B62D98558A00CCD26D /* FirebaseCore */ = {
			isa = XCSwiftPackageProductDependency;
			package = 874495A72D98558A00CCD26D /* XCRemoteSwiftPackageReference "firebase-ios-sdk" */;
			productName = FirebaseCore;
		};
		874495B82D98558A00CCD26D /* FirebaseCrashlytics */ = {
			isa = XCSwiftPackageProductDependency;
			package = 874495A72D98558A00CCD26D /* XCRemoteSwiftPackageReference "firebase-ios-sdk" */;
			productName = FirebaseCrashlytics;
		};
		874495BA2D98558A00CCD26D /* FirebaseDatabase */ = {
			isa = XCSwiftPackageProductDependency;
			package = 874495A72D98558A00CCD26D /* XCRemoteSwiftPackageReference "firebase-ios-sdk" */;
			productName = FirebaseDatabase;
		};
		874495BC2D98558A00CCD26D /* FirebaseDynamicLinks */ = {
			isa = XCSwiftPackageProductDependency;
			package = 874495A72D98558A00CCD26D /* XCRemoteSwiftPackageReference "firebase-ios-sdk" */;
			productName = FirebaseDynamicLinks;
		};
		874495BE2D98558A00CCD26D /* FirebaseFirestore */ = {
			isa = XCSwiftPackageProductDependency;
			package = 874495A72D98558A00CCD26D /* XCRemoteSwiftPackageReference "firebase-ios-sdk" */;
			productName = FirebaseFirestore;
		};
		874495C02D98558A00CCD26D /* FirebaseFirestoreCombine-Community */ = {
			isa = XCSwiftPackageProductDependency;
			package = 874495A72D98558A00CCD26D /* XCRemoteSwiftPackageReference "firebase-ios-sdk" */;
			productName = "FirebaseFirestoreCombine-Community";
		};
		874495C22D98558A00CCD26D /* FirebaseFunctions */ = {
			isa = XCSwiftPackageProductDependency;
			package = 874495A72D98558A00CCD26D /* XCRemoteSwiftPackageReference "firebase-ios-sdk" */;
			productName = FirebaseFunctions;
		};
		874495C42D98558A00CCD26D /* FirebaseFunctionsCombine-Community */ = {
			isa = XCSwiftPackageProductDependency;
			package = 874495A72D98558A00CCD26D /* XCRemoteSwiftPackageReference "firebase-ios-sdk" */;
			productName = "FirebaseFunctionsCombine-Community";
		};
		874495C62D98558A00CCD26D /* FirebaseInAppMessaging-Beta */ = {
			isa = XCSwiftPackageProductDependency;
			package = 874495A72D98558A00CCD26D /* XCRemoteSwiftPackageReference "firebase-ios-sdk" */;
			productName = "FirebaseInAppMessaging-Beta";
		};
		874495C82D98558A00CCD26D /* FirebaseInstallations */ = {
			isa = XCSwiftPackageProductDependency;
			package = 874495A72D98558A00CCD26D /* XCRemoteSwiftPackageReference "firebase-ios-sdk" */;
			productName = FirebaseInstallations;
		};
		874495CA2D98558A00CCD26D /* FirebaseMLModelDownloader */ = {
			isa = XCSwiftPackageProductDependency;
			package = 874495A72D98558A00CCD26D /* XCRemoteSwiftPackageReference "firebase-ios-sdk" */;
			productName = FirebaseMLModelDownloader;
		};
		874495CC2D98558A00CCD26D /* FirebaseMessaging */ = {
			isa = XCSwiftPackageProductDependency;
			package = 874495A72D98558A00CCD26D /* XCRemoteSwiftPackageReference "firebase-ios-sdk" */;
			productName = FirebaseMessaging;
		};
		874495CE2D98558A00CCD26D /* FirebasePerformance */ = {
			isa = XCSwiftPackageProductDependency;
			package = 874495A72D98558A00CCD26D /* XCRemoteSwiftPackageReference "firebase-ios-sdk" */;
			productName = FirebasePerformance;
		};
		874495D02D98558A00CCD26D /* FirebaseRemoteConfig */ = {
			isa = XCSwiftPackageProductDependency;
			package = 874495A72D98558A00CCD26D /* XCRemoteSwiftPackageReference "firebase-ios-sdk" */;
			productName = FirebaseRemoteConfig;
		};
		874495D22D98558A00CCD26D /* FirebaseStorage */ = {
			isa = XCSwiftPackageProductDependency;
			package = 874495A72D98558A00CCD26D /* XCRemoteSwiftPackageReference "firebase-ios-sdk" */;
			productName = FirebaseStorage;
		};
		874495D42D98558A00CCD26D /* FirebaseStorageCombine-Community */ = {
			isa = XCSwiftPackageProductDependency;
			package = 874495A72D98558A00CCD26D /* XCRemoteSwiftPackageReference "firebase-ios-sdk" */;
			productName = "FirebaseStorageCombine-Community";
		};
		874495D62D98558A00CCD26D /* FirebaseVertexAI */ = {
			isa = XCSwiftPackageProductDependency;
			package = 874495A72D98558A00CCD26D /* XCRemoteSwiftPackageReference "firebase-ios-sdk" */;
			productName = FirebaseVertexAI;
		};
		879C68312D99266B00A06CC4 /* SDWebImage */ = {
			isa = XCSwiftPackageProductDependency;
			package = 879C68302D99266B00A06CC4 /* XCRemoteSwiftPackageReference "SDWebImage" */;
			productName = SDWebImage;
		};
		879C68332D99266B00A06CC4 /* SDWebImageMapKit */ = {
			isa = XCSwiftPackageProductDependency;
			package = 879C68302D99266B00A06CC4 /* XCRemoteSwiftPackageReference "SDWebImage" */;
			productName = SDWebImageMapKit;
		};
		87FB13952D9AA25A00F3254B /* Reachability */ = {
			isa = XCSwiftPackageProductDependency;
			package = 87FB13942D9AA25A00F3254B /* XCRemoteSwiftPackageReference "Reachability" */;
			productName = Reachability;
		};
/* End XCSwiftPackageProductDependency section */
	};
	rootObject = 877200F22D96B04300469421 /* Project object */;
}
